PODS:
  - RamblerSegues (1.0.1):
    - RamblerSegues/CrossStoryboardSegue (= 1.0.1)
    - RamblerSegues/EmbedSegue (= 1.0.1)
  - RamblerSegues/CrossStoryboardSegue (1.0.1)
  - RamblerSegues/EmbedSegue (1.0.1)

DEPENDENCIES:
  - RamblerSegues (from `../`)

EXTERNAL SOURCES:
  RamblerSegues:
    :path: "../"

SPEC CHECKSUMS:
  RamblerSegues: 2e5d250d3cdd97f92e98b83551d13a17e0d997b9

COCOAPODS: 0.39.0
